
Microsoft Visual Studio Solution File, Format Version 12.00
# Visual Studio Version 17
VisualStudioVersion = 17.5.33424.131
MinimumVisualStudioVersion = 10.0.40219.1
Project("{FAE04EC0-301F-11D3-BF4B-00C04F79EFBC}") = "BasculasMPrimaNQ", "BasculasMPrimaNQ\BasculasMPrimaNQ.csproj", "{925981CF-35F7-4DA0-9BCF-43142CED86C2}"
EndProject
Global
	GlobalSection(SolutionConfigurationPlatforms) = preSolution
		Debug|Any CPU = Debug|Any CPU
		Release|Any CPU = Release|Any CPU
	EndGlobalSection
	GlobalSection(ProjectConfigurationPlatforms) = postSolution
		{925981CF-35F7-4DA0-9BCF-43142CED86C2}.Debug|Any CPU.ActiveCfg = Debug|Any CPU
		{925981CF-35F7-4DA0-9BCF-43142CED86C2}.Debug|Any CPU.Build.0 = Debug|Any CPU
		{925981CF-35F7-4DA0-9BCF-43142CED86C2}.Release|Any CPU.ActiveCfg = Release|Any CPU
		{925981CF-35F7-4DA0-9BCF-43142CED86C2}.Release|Any CPU.Build.0 = Release|Any CPU
	EndGlobalSection
	GlobalSection(SolutionProperties) = preSolution
		HideSolutionNode = FALSE
	EndGlobalSection
	GlobalSection(ExtensibilityGlobals) = postSolution
		SolutionGuid = {5F727BF1-EC9E-4B52-877B-CA178DE61F5B}
	EndGlobalSection
EndGlobal
